
Microsoft Visual Studio Solution File, Format Version 12.00
# Visual Studio Version 17
VisualStudioVersion = 17.0.31903.59
MinimumVisualStudioVersion = 10.0.40219.1
Project("{2150E333-8FDC-42A3-9474-1A3956D46DE8}") = "src", "src", "{827E0CD3-B72D-47B6-A68D-7590B98EB39B}"
EndProject
Project("{FAE04EC0-301F-11D3-BF4B-00C04F79EFBC}") = "RAGGit.Core", "src\RAGGit.Core\RAGGit.Core.csproj", "{D77F03C8-7F9C-4ED9-B75F-D1421C850924}"
EndProject
Project("{FAE04EC0-301F-11D3-BF4B-00C04F79EFBC}") = "RAGGit.Ingest", "src\RAGGit.Ingest\RAGGit.Ingest.csproj", "{AED8996E-3EEB-4716-9645-303CFBA789D9}"
EndProject
Project("{FAE04EC0-301F-11D3-BF4B-00C04F79EFBC}") = "RAGGit.Retrieval", "src\RAGGit.Retrieval\RAGGit.Retrieval.csproj", "{ED745A19-AEC6-4DA0-A121-89212B8FD218}"
EndProject
Project("{FAE04EC0-301F-11D3-BF4B-00C04F79EFBC}") = "RAGGit.Workstation.Api", "src\RAGGit.Workstation.Api\RAGGit.Workstation.Api.csproj", "{2380ADAF-D891-4BB1-B109-2DDE986E60B6}"
EndProject
Project("{2150E333-8FDC-42A3-9474-1A3956D46DE8}") = "tests", "tests", "{0AB3BF05-4346-4AA6-1389-037BE0695223}"
EndProject
Project("{2150E333-8FDC-42A3-9474-1A3956D46DE8}") = "unit", "unit", "{9D556B49-86D1-93A7-9596-FFAAB74EC556}"
EndProject
Project("{FAE04EC0-301F-11D3-BF4B-00C04F79EFBC}") = "RAGGit.Tests.Unit", "tests\unit\RAGGit.Tests.Unit.csproj", "{6F971ABB-D70B-47A9-AD5B-47E182A23271}"
EndProject
Project("{2150E333-8FDC-42A3-9474-1A3956D46DE8}") = "contract", "contract", "{53506FF3-1087-91DB-5731-19A6F3C92276}"
EndProject
Project("{FAE04EC0-301F-11D3-BF4B-00C04F79EFBC}") = "RAGGit.Tests.Contract", "tests\contract\RAGGit.Tests.Contract.csproj", "{9CBF321D-6F64-4E4A-81A8-29C790548A0D}"
EndProject
Project("{2150E333-8FDC-42A3-9474-1A3956D46DE8}") = "integration", "integration", "{28A6993C-471E-82FE-7D9E-AD3B1EC22BD9}"
EndProject
Project("{FAE04EC0-301F-11D3-BF4B-00C04F79EFBC}") = "RAGGit.Tests.Integration", "tests\integration\RAGGit.Tests.Integration.csproj", "{262A0BD3-B39F-4D9B-8DA3-FC5881148DB5}"
EndProject
Project("{FAE04EC0-301F-11D3-BF4B-00C04F79EFBC}") = "RAGGit.Client.Core", "src\RAGGit.Client.Core\RAGGit.Client.Core.csproj", "{55BD49DA-8ECE-4E7F-83E1-FA29545F8CA7}"
EndProject
Project("{FAE04EC0-301F-11D3-BF4B-00C04F79EFBC}") = "RAGGit.Client.WinUI", "src\RAGGit.Client.WinUI\RAGGit.Client.WinUI.csproj", "{E47334DD-C553-49CD-A4BF-802D9FBE5376}"
EndProject
Global
	GlobalSection(SolutionConfigurationPlatforms) = preSolution
		Debug|Any CPU = Debug|Any CPU
		Debug|x64 = Debug|x64
		Debug|x86 = Debug|x86
		Release|Any CPU = Release|Any CPU
		Release|x64 = Release|x64
		Release|x86 = Release|x86
	EndGlobalSection
	GlobalSection(ProjectConfigurationPlatforms) = postSolution
		{D77F03C8-7F9C-4ED9-B75F-D1421C850924}.Debug|Any CPU.ActiveCfg = Debug|Any CPU
		{D77F03C8-7F9C-4ED9-B75F-D1421C850924}.Debug|Any CPU.Build.0 = Debug|Any CPU
		{D77F03C8-7F9C-4ED9-B75F-D1421C850924}.Debug|x64.ActiveCfg = Debug|Any CPU
		{D77F03C8-7F9C-4ED9-B75F-D1421C850924}.Debug|x64.Build.0 = Debug|Any CPU
		{D77F03C8-7F9C-4ED9-B75F-D1421C850924}.Debug|x86.ActiveCfg = Debug|Any CPU
		{D77F03C8-7F9C-4ED9-B75F-D1421C850924}.Debug|x86.Build.0 = Debug|Any CPU
		{D77F03C8-7F9C-4ED9-B75F-D1421C850924}.Release|Any CPU.ActiveCfg = Release|Any CPU
		{D77F03C8-7F9C-4ED9-B75F-D1421C850924}.Release|Any CPU.Build.0 = Release|Any CPU
		{D77F03C8-7F9C-4ED9-B75F-D1421C850924}.Release|x64.ActiveCfg = Release|Any CPU
		{D77F03C8-7F9C-4ED9-B75F-D1421C850924}.Release|x64.Build.0 = Release|Any CPU
		{D77F03C8-7F9C-4ED9-B75F-D1421C850924}.Release|x86.ActiveCfg = Release|Any CPU
		{D77F03C8-7F9C-4ED9-B75F-D1421C850924}.Release|x86.Build.0 = Release|Any CPU
		{AED8996E-3EEB-4716-9645-303CFBA789D9}.Debug|Any CPU.ActiveCfg = Debug|Any CPU
		{AED8996E-3EEB-4716-9645-303CFBA789D9}.Debug|Any CPU.Build.0 = Debug|Any CPU
		{AED8996E-3EEB-4716-9645-303CFBA789D9}.Debug|x64.ActiveCfg = Debug|Any CPU
		{AED8996E-3EEB-4716-9645-303CFBA789D9}.Debug|x64.Build.0 = Debug|Any CPU
		{AED8996E-3EEB-4716-9645-303CFBA789D9}.Debug|x86.ActiveCfg = Debug|Any CPU
		{AED8996E-3EEB-4716-9645-303CFBA789D9}.Debug|x86.Build.0 = Debug|Any CPU
		{AED8996E-3EEB-4716-9645-303CFBA789D9}.Release|Any CPU.ActiveCfg = Release|Any CPU
		{AED8996E-3EEB-4716-9645-303CFBA789D9}.Release|Any CPU.Build.0 = Release|Any CPU
		{AED8996E-3EEB-4716-9645-303CFBA789D9}.Release|x64.ActiveCfg = Release|Any CPU
		{AED8996E-3EEB-4716-9645-303CFBA789D9}.Release|x64.Build.0 = Release|Any CPU
		{AED8996E-3EEB-4716-9645-303CFBA789D9}.Release|x86.ActiveCfg = Release|Any CPU
		{AED8996E-3EEB-4716-9645-303CFBA789D9}.Release|x86.Build.0 = Release|Any CPU
		{ED745A19-AEC6-4DA0-A121-89212B8FD218}.Debug|Any CPU.ActiveCfg = Debug|Any CPU
		{ED745A19-AEC6-4DA0-A121-89212B8FD218}.Debug|Any CPU.Build.0 = Debug|Any CPU
		{ED745A19-AEC6-4DA0-A121-89212B8FD218}.Debug|x64.ActiveCfg = Debug|Any CPU
		{ED745A19-AEC6-4DA0-A121-89212B8FD218}.Debug|x64.Build.0 = Debug|Any CPU
		{ED745A19-AEC6-4DA0-A121-89212B8FD218}.Debug|x86.ActiveCfg = Debug|Any CPU
		{ED745A19-AEC6-4DA0-A121-89212B8FD218}.Debug|x86.Build.0 = Debug|Any CPU
		{ED745A19-AEC6-4DA0-A121-89212B8FD218}.Release|Any CPU.ActiveCfg = Release|Any CPU
		{ED745A19-AEC6-4DA0-A121-89212B8FD218}.Release|Any CPU.Build.0 = Release|Any CPU
		{ED745A19-AEC6-4DA0-A121-89212B8FD218}.Release|x64.ActiveCfg = Release|Any CPU
		{ED745A19-AEC6-4DA0-A121-89212B8FD218}.Release|x64.Build.0 = Release|Any CPU
		{ED745A19-AEC6-4DA0-A121-89212B8FD218}.Release|x86.ActiveCfg = Release|Any CPU
		{ED745A19-AEC6-4DA0-A121-89212B8FD218}.Release|x86.Build.0 = Release|Any CPU
		{2380ADAF-D891-4BB1-B109-2DDE986E60B6}.Debug|Any CPU.ActiveCfg = Debug|Any CPU
		{2380ADAF-D891-4BB1-B109-2DDE986E60B6}.Debug|Any CPU.Build.0 = Debug|Any CPU
		{2380ADAF-D891-4BB1-B109-2DDE986E60B6}.Debug|x64.ActiveCfg = Debug|Any CPU
		{2380ADAF-D891-4BB1-B109-2DDE986E60B6}.Debug|x64.Build.0 = Debug|Any CPU
		{2380ADAF-D891-4BB1-B109-2DDE986E60B6}.Debug|x86.ActiveCfg = Debug|Any CPU
		{2380ADAF-D891-4BB1-B109-2DDE986E60B6}.Debug|x86.Build.0 = Debug|Any CPU
		{2380ADAF-D891-4BB1-B109-2DDE986E60B6}.Release|Any CPU.ActiveCfg = Release|Any CPU
		{2380ADAF-D891-4BB1-B109-2DDE986E60B6}.Release|Any CPU.Build.0 = Release|Any CPU
		{2380ADAF-D891-4BB1-B109-2DDE986E60B6}.Release|x64.ActiveCfg = Release|Any CPU
		{2380ADAF-D891-4BB1-B109-2DDE986E60B6}.Release|x64.Build.0 = Release|Any CPU
		{2380ADAF-D891-4BB1-B109-2DDE986E60B6}.Release|x86.ActiveCfg = Release|Any CPU
		{2380ADAF-D891-4BB1-B109-2DDE986E60B6}.Release|x86.Build.0 = Release|Any CPU
		{6F971ABB-D70B-47A9-AD5B-47E182A23271}.Debug|Any CPU.ActiveCfg = Debug|Any CPU
		{6F971ABB-D70B-47A9-AD5B-47E182A23271}.Debug|Any CPU.Build.0 = Debug|Any CPU
		{6F971ABB-D70B-47A9-AD5B-47E182A23271}.Debug|x64.ActiveCfg = Debug|Any CPU
		{6F971ABB-D70B-47A9-AD5B-47E182A23271}.Debug|x64.Build.0 = Debug|Any CPU
		{6F971ABB-D70B-47A9-AD5B-47E182A23271}.Debug|x86.ActiveCfg = Debug|Any CPU
		{6F971ABB-D70B-47A9-AD5B-47E182A23271}.Debug|x86.Build.0 = Debug|Any CPU
		{6F971ABB-D70B-47A9-AD5B-47E182A23271}.Release|Any CPU.ActiveCfg = Release|Any CPU
		{6F971ABB-D70B-47A9-AD5B-47E182A23271}.Release|Any CPU.Build.0 = Release|Any CPU
		{6F971ABB-D70B-47A9-AD5B-47E182A23271}.Release|x64.ActiveCfg = Release|Any CPU
		{6F971ABB-D70B-47A9-AD5B-47E182A23271}.Release|x64.Build.0 = Release|Any CPU
		{6F971ABB-D70B-47A9-AD5B-47E182A23271}.Release|x86.ActiveCfg = Release|Any CPU
		{6F971ABB-D70B-47A9-AD5B-47E182A23271}.Release|x86.Build.0 = Release|Any CPU
		{9CBF321D-6F64-4E4A-81A8-29C790548A0D}.Debug|Any CPU.ActiveCfg = Debug|Any CPU
		{9CBF321D-6F64-4E4A-81A8-29C790548A0D}.Debug|Any CPU.Build.0 = Debug|Any CPU
		{9CBF321D-6F64-4E4A-81A8-29C790548A0D}.Debug|x64.ActiveCfg = Debug|Any CPU
		{9CBF321D-6F64-4E4A-81A8-29C790548A0D}.Debug|x64.Build.0 = Debug|Any CPU
		{9CBF321D-6F64-4E4A-81A8-29C790548A0D}.Debug|x86.ActiveCfg = Debug|Any CPU
		{9CBF321D-6F64-4E4A-81A8-29C790548A0D}.Debug|x86.Build.0 = Debug|Any CPU
		{9CBF321D-6F64-4E4A-81A8-29C790548A0D}.Release|Any CPU.ActiveCfg = Release|Any CPU
		{9CBF321D-6F64-4E4A-81A8-29C790548A0D}.Release|Any CPU.Build.0 = Release|Any CPU
		{9CBF321D-6F64-4E4A-81A8-29C790548A0D}.Release|x64.ActiveCfg = Release|Any CPU
		{9CBF321D-6F64-4E4A-81A8-29C790548A0D}.Release|x64.Build.0 = Release|Any CPU
		{9CBF321D-6F64-4E4A-81A8-29C790548A0D}.Release|x86.ActiveCfg = Release|Any CPU
		{9CBF321D-6F64-4E4A-81A8-29C790548A0D}.Release|x86.Build.0 = Release|Any CPU
		{262A0BD3-B39F-4D9B-8DA3-FC5881148DB5}.Debug|Any CPU.ActiveCfg = Debug|Any CPU
		{262A0BD3-B39F-4D9B-8DA3-FC5881148DB5}.Debug|Any CPU.Build.0 = Debug|Any CPU
		{262A0BD3-B39F-4D9B-8DA3-FC5881148DB5}.Debug|x64.ActiveCfg = Debug|Any CPU
		{262A0BD3-B39F-4D9B-8DA3-FC5881148DB5}.Debug|x64.Build.0 = Debug|Any CPU
		{262A0BD3-B39F-4D9B-8DA3-FC5881148DB5}.Debug|x86.ActiveCfg = Debug|Any CPU
		{262A0BD3-B39F-4D9B-8DA3-FC5881148DB5}.Debug|x86.Build.0 = Debug|Any CPU
		{262A0BD3-B39F-4D9B-8DA3-FC5881148DB5}.Release|Any CPU.ActiveCfg = Release|Any CPU
		{262A0BD3-B39F-4D9B-8DA3-FC5881148DB5}.Release|Any CPU.Build.0 = Release|Any CPU
		{262A0BD3-B39F-4D9B-8DA3-FC5881148DB5}.Release|x64.ActiveCfg = Release|Any CPU
		{262A0BD3-B39F-4D9B-8DA3-FC5881148DB5}.Release|x64.Build.0 = Release|Any CPU
		{262A0BD3-B39F-4D9B-8DA3-FC5881148DB5}.Release|x86.ActiveCfg = Release|Any CPU
		{262A0BD3-B39F-4D9B-8DA3-FC5881148DB5}.Release|x86.Build.0 = Release|Any CPU
		{55BD49DA-8ECE-4E7F-83E1-FA29545F8CA7}.Debug|Any CPU.ActiveCfg = Debug|Any CPU
		{55BD49DA-8ECE-4E7F-83E1-FA29545F8CA7}.Debug|Any CPU.Build.0 = Debug|Any CPU
		{55BD49DA-8ECE-4E7F-83E1-FA29545F8CA7}.Debug|x64.ActiveCfg = Debug|Any CPU
		{55BD49DA-8ECE-4E7F-83E1-FA29545F8CA7}.Debug|x64.Build.0 = Debug|Any CPU
		{55BD49DA-8ECE-4E7F-83E1-FA29545F8CA7}.Debug|x86.ActiveCfg = Debug|Any CPU
		{55BD49DA-8ECE-4E7F-83E1-FA29545F8CA7}.Debug|x86.Build.0 = Debug|Any CPU
		{55BD49DA-8ECE-4E7F-83E1-FA29545F8CA7}.Release|Any CPU.ActiveCfg = Release|Any CPU
		{55BD49DA-8ECE-4E7F-83E1-FA29545F8CA7}.Release|Any CPU.Build.0 = Release|Any CPU
		{55BD49DA-8ECE-4E7F-83E1-FA29545F8CA7}.Release|x64.ActiveCfg = Release|Any CPU
		{55BD49DA-8ECE-4E7F-83E1-FA29545F8CA7}.Release|x64.Build.0 = Release|Any CPU
		{55BD49DA-8ECE-4E7F-83E1-FA29545F8CA7}.Release|x86.ActiveCfg = Release|Any CPU
		{55BD49DA-8ECE-4E7F-83E1-FA29545F8CA7}.Release|x86.Build.0 = Release|Any CPU
		{E47334DD-C553-49CD-A4BF-802D9FBE5376}.Debug|Any CPU.ActiveCfg = Debug|x64
		{E47334DD-C553-49CD-A4BF-802D9FBE5376}.Debug|Any CPU.Build.0 = Debug|x64
		{E47334DD-C553-49CD-A4BF-802D9FBE5376}.Debug|x64.ActiveCfg = Debug|x64
		{E47334DD-C553-49CD-A4BF-802D9FBE5376}.Debug|x64.Build.0 = Debug|x64
		{E47334DD-C553-49CD-A4BF-802D9FBE5376}.Debug|x86.ActiveCfg = Debug|x86
		{E47334DD-C553-49CD-A4BF-802D9FBE5376}.Debug|x86.Build.0 = Debug|x86
		{E47334DD-C553-49CD-A4BF-802D9FBE5376}.Release|Any CPU.ActiveCfg = Release|x64
		{E47334DD-C553-49CD-A4BF-802D9FBE5376}.Release|Any CPU.Build.0 = Release|x64
		{E47334DD-C553-49CD-A4BF-802D9FBE5376}.Release|x64.ActiveCfg = Release|x64
		{E47334DD-C553-49CD-A4BF-802D9FBE5376}.Release|x64.Build.0 = Release|x64
		{E47334DD-C553-49CD-A4BF-802D9FBE5376}.Release|x86.ActiveCfg = Release|x86
		{E47334DD-C553-49CD-A4BF-802D9FBE5376}.Release|x86.Build.0 = Release|x86
	EndGlobalSection
	GlobalSection(SolutionProperties) = preSolution
		HideSolutionNode = FALSE
	EndGlobalSection
	GlobalSection(NestedProjects) = preSolution
		{D77F03C8-7F9C-4ED9-B75F-D1421C850924} = {827E0CD3-B72D-47B6-A68D-7590B98EB39B}
		{AED8996E-3EEB-4716-9645-303CFBA789D9} = {827E0CD3-B72D-47B6-A68D-7590B98EB39B}
		{ED745A19-AEC6-4DA0-A121-89212B8FD218} = {827E0CD3-B72D-47B6-A68D-7590B98EB39B}
		{2380ADAF-D891-4BB1-B109-2DDE986E60B6} = {827E0CD3-B72D-47B6-A68D-7590B98EB39B}
		{9D556B49-86D1-93A7-9596-FFAAB74EC556} = {0AB3BF05-4346-4AA6-1389-037BE0695223}
		{6F971ABB-D70B-47A9-AD5B-47E182A23271} = {9D556B49-86D1-93A7-9596-FFAAB74EC556}
		{53506FF3-1087-91DB-5731-19A6F3C92276} = {0AB3BF05-4346-4AA6-1389-037BE0695223}
		{9CBF321D-6F64-4E4A-81A8-29C790548A0D} = {53506FF3-1087-91DB-5731-19A6F3C92276}
		{28A6993C-471E-82FE-7D9E-AD3B1EC22BD9} = {0AB3BF05-4346-4AA6-1389-037BE0695223}
		{262A0BD3-B39F-4D9B-8DA3-FC5881148DB5} = {28A6993C-471E-82FE-7D9E-AD3B1EC22BD9}
		{55BD49DA-8ECE-4E7F-83E1-FA29545F8CA7} = {827E0CD3-B72D-47B6-A68D-7590B98EB39B}
		{E47334DD-C553-49CD-A4BF-802D9FBE5376} = {827E0CD3-B72D-47B6-A68D-7590B98EB39B}
	EndGlobalSection
EndGlobal
